// !$*UTF8*$!
{
	archiveVersion = 1;
	classes = {
	};
	objectVersion = 46;
	objects = {

/* Begin PBXBuildFile section */
		44740FB61F39CC6300E5FE64 /* ShowOtherMasters.m in Sources */ = {isa = PBXBuildFile; fileRef = 44740FB51F39CC6300E5FE64 /* ShowOtherMasters.m */; };
		B52496031963DF1F00E9D123 /* Cocoa.framework in Frameworks */ = {isa = PBXBuildFile; fileRef = B52496021963DF1F00E9D123 /* Cocoa.framework */; };
		B52496081963DF1F00E9D123 /* ShowOtherMasters-Prefix.pch in Resources */ = {isa = PBXBuildFile; fileRef = B52496071963DF1F00E9D123 /* ShowOtherMasters-Prefix.pch */; };
		B524960A1963DF1F00E9D123 /* ShowOtherMasters-Info.plist in Resources */ = {isa = PBXBuildFile; fileRef = B52496091963DF1F00E9D123 /* ShowOtherMasters-Info.plist */; };
		B524960F1963DF1F00E9D123 /* GlyphsCore.framework in Frameworks */ = {isa = PBXBuildFile; fileRef = B524960E1963DF1F00E9D123 /* GlyphsCore.framework */; };
		B524961A1963E12700E9D123 /* Localizable.strings in Resources */ = {isa = PBXBuildFile; fileRef = B524961C1963E12700E9D123 /* Localizable.strings */; };
/* End PBXBuildFile section */

/* Begin PBXFileReference section */
		44740FB41F39CC6300E5FE64 /* ShowOtherMasters.h */ = {isa = PBXFileReference; fileEncoding = 4; lastKnownFileType = sourcecode.c.h; path = ShowOtherMasters.h; sourceTree = "<group>"; };
		44740FB51F39CC6300E5FE64 /* ShowOtherMasters.m */ = {isa = PBXFileReference; fileEncoding = 4; lastKnownFileType = sourcecode.c.objc; path = ShowOtherMasters.m; sourceTree = "<group>"; };
		B52495FF1963DF1F00E9D123 /* ShowOtherMasters.glyphsReporter */ = {isa = PBXFileReference; explicitFileType = wrapper.cfbundle; includeInIndex = 0; path = ShowOtherMasters.glyphsReporter; sourceTree = BUILT_PRODUCTS_DIR; };
		B52496021963DF1F00E9D123 /* Cocoa.framework */ = {isa = PBXFileReference; lastKnownFileType = wrapper.framework; name = Cocoa.framework; path = /System/Library/Frameworks/Cocoa.framework; sourceTree = "<absolute>"; };
		B52496061963DF1F00E9D123 /* Info.plist */ = {isa = PBXFileReference; lastKnownFileType = text.plist.xml; path = Info.plist; sourceTree = "<group>"; };
		B52496071963DF1F00E9D123 /* ShowOtherMasters-Prefix.pch */ = {isa = PBXFileReference; lastKnownFileType = sourcecode.c.h; path = "ShowOtherMasters-Prefix.pch"; sourceTree = "<group>"; };
		B52496091963DF1F00E9D123 /* ShowOtherMasters-Info.plist */ = {isa = PBXFileReference; lastKnownFileType = text.plist.xml; path = "ShowOtherMasters-Info.plist"; sourceTree = "<group>"; };
		B524960E1963DF1F00E9D123 /* GlyphsCore.framework */ = {isa = PBXFileReference; lastKnownFileType = wrapper.framework; name = GlyphsCore.framework; path = /Applications/Glyphs.app/Contents/Frameworks/GlyphsCore.framework; sourceTree = "<absolute>"; };
		B524961B1963E12700E9D123 /* en */ = {isa = PBXFileReference; lastKnownFileType = text.plist.strings; name = en; path = en.lproj/Localizable.strings; sourceTree = "<group>"; };
/* End PBXFileReference section */

/* Begin PBXFrameworksBuildPhase section */
		B52495FC1963DF1F00E9D123 /* Frameworks */ = {
			isa = PBXFrameworksBuildPhase;
			buildActionMask = 2147483647;
			files = (
				B524960F1963DF1F00E9D123 /* GlyphsCore.framework in Frameworks */,
				B52496031963DF1F00E9D123 /* Cocoa.framework in Frameworks */,
			);
			runOnlyForDeploymentPostprocessing = 0;
		};
/* End PBXFrameworksBuildPhase section */

/* Begin PBXGroup section */
		B52495F61963DF1F00E9D123 = {
			isa = PBXGroup;
			children = (
				B52496041963DF1F00E9D123 /* ShowOtherMasters */,
				B52496011963DF1F00E9D123 /* Frameworks */,
				B52496001963DF1F00E9D123 /* Products */,
			);
			sourceTree = "<group>";
		};
		B52496001963DF1F00E9D123 /* Products */ = {
			isa = PBXGroup;
			children = (
				B52495FF1963DF1F00E9D123 /* ShowOtherMasters.glyphsReporter */,
			);
			name = Products;
			sourceTree = "<group>";
		};
		B52496011963DF1F00E9D123 /* Frameworks */ = {
			isa = PBXGroup;
			children = (
				B52496021963DF1F00E9D123 /* Cocoa.framework */,
			);
			name = Frameworks;
			sourceTree = "<group>";
		};
		B52496041963DF1F00E9D123 /* ShowOtherMasters */ = {
			isa = PBXGroup;
			children = (
				B52496071963DF1F00E9D123 /* ShowOtherMasters-Prefix.pch */,
				B52496091963DF1F00E9D123 /* ShowOtherMasters-Info.plist */,
				B52496051963DF1F00E9D123 /* Supporting Files */,
				44740FB41F39CC6300E5FE64 /* ShowOtherMasters.h */,
				44740FB51F39CC6300E5FE64 /* ShowOtherMasters.m */,
			);
			path = ShowOtherMasters;
			sourceTree = "<group>";
		};
		B52496051963DF1F00E9D123 /* Supporting Files */ = {
			isa = PBXGroup;
			children = (
				B52496061963DF1F00E9D123 /* Info.plist */,
				B524961C1963E12700E9D123 /* Localizable.strings */,
				B524960E1963DF1F00E9D123 /* GlyphsCore.framework */,
			);
			name = "Supporting Files";
			sourceTree = "<group>";
		};
/* End PBXGroup section */

/* Begin PBXNativeTarget section */
		B52495FE1963DF1F00E9D123 /* ShowOtherMasters */ = {
			isa = PBXNativeTarget;
			buildConfigurationList = B52496121963DF1F00E9D123 /* Build configuration list for PBXNativeTarget "ShowOtherMasters" */;
			buildPhases = (
				B52495FB1963DF1F00E9D123 /* Sources */,
				B52495FC1963DF1F00E9D123 /* Frameworks */,
				B52495FD1963DF1F00E9D123 /* Resources */,
			);
			buildRules = (
			);
			dependencies = (
			);
			name = ShowOtherMasters;
			productName = ShowOtherMasters;
			productReference = B52495FF1963DF1F00E9D123 /* ShowOtherMasters.glyphsReporter */;
			productType = "com.apple.product-type.bundle";
		};
/* End PBXNativeTarget section */

/* Begin PBXProject section */
		B52495F71963DF1F00E9D123 /* Project object */ = {
			isa = PBXProject;
			attributes = {
				LastUpgradeCheck = 0600;
				ORGANIZATIONNAME = "Ben Syverson";
				TargetAttributes = {
					B52495FE1963DF1F00E9D123 = {
						CreatedOnToolsVersion = 6.0;
					};
				};
			};
			buildConfigurationList = B52495FA1963DF1F00E9D123 /* Build configuration list for PBXProject "ShowOtherMasters" */;
			compatibilityVersion = "Xcode 3.2";
			developmentRegion = English;
			hasScannedForEncodings = 0;
			knownRegions = (
				en,
			);
			mainGroup = B52495F61963DF1F00E9D123;
			productRefGroup = B52496001963DF1F00E9D123 /* Products */;
			projectDirPath = "";
			projectRoot = "";
			targets = (
				B52495FE1963DF1F00E9D123 /* ShowOtherMasters */,
			);
		};
/* End PBXProject section */

/* Begin PBXResourcesBuildPhase section */
		B52495FD1963DF1F00E9D123 /* Resources */ = {
			isa = PBXResourcesBuildPhase;
			buildActionMask = 2147483647;
			files = (
				B524960A1963DF1F00E9D123 /* ShowOtherMasters-Info.plist in Resources */,
				B524961A1963E12700E9D123 /* Localizable.strings in Resources */,
				B52496081963DF1F00E9D123 /* ShowOtherMasters-Prefix.pch in Resources */,
			);
			runOnlyForDeploymentPostprocessing = 0;
		};
/* End PBXResourcesBuildPhase section */

/* Begin PBXSourcesBuildPhase section */
		B52495FB1963DF1F00E9D123 /* Sources */ = {
			isa = PBXSourcesBuildPhase;
			buildActionMask = 2147483647;
			files = (
				44740FB61F39CC6300E5FE64 /* ShowOtherMasters.m in Sources */,
			);
			runOnlyForDeploymentPostprocessing = 0;
		};
/* End PBXSourcesBuildPhase section */

/* Begin PBXVariantGroup section */
		B524961C1963E12700E9D123 /* Localizable.strings */ = {
			isa = PBXVariantGroup;
			children = (
				B524961B1963E12700E9D123 /* en */,
			);
			name = Localizable.strings;
			sourceTree = "<group>";
		};
/* End PBXVariantGroup section */

/* Begin XCBuildConfiguration section */
		B52496101963DF1F00E9D123 /* Debug */ = {
			isa = XCBuildConfiguration;
			buildSettings = {
				ALWAYS_SEARCH_USER_PATHS = NO;
				CLANG_CXX_LANGUAGE_STANDARD = "gnu++0x";
				CLANG_CXX_LIBRARY = "libc++";
				CLANG_ENABLE_MODULES = YES;
				CLANG_ENABLE_OBJC_ARC = YES;
				CLANG_WARN_BOOL_CONVERSION = YES;
				CLANG_WARN_CONSTANT_CONVERSION = YES;
				CLANG_WARN_DIRECT_OBJC_ISA_USAGE = YES_ERROR;
				CLANG_WARN_EMPTY_BODY = YES;
				CLANG_WARN_ENUM_CONVERSION = YES;
				CLANG_WARN_INT_CONVERSION = YES;
				CLANG_WARN_OBJC_ROOT_CLASS = YES_ERROR;
				CLANG_WARN_UNREACHABLE_CODE = YES;
				CLANG_WARN__DUPLICATE_METHOD_MATCH = YES;
				COPY_PHASE_STRIP = NO;
				ENABLE_STRICT_OBJC_MSGSEND = YES;
				GCC_C_LANGUAGE_STANDARD = gnu99;
				GCC_DYNAMIC_NO_PIC = NO;
				GCC_OPTIMIZATION_LEVEL = 0;
				GCC_PREPROCESSOR_DEFINITIONS = (
					"DEBUG=1",
					"$(inherited)",
				);
				GCC_SYMBOLS_PRIVATE_EXTERN = NO;
				GCC_WARN_64_TO_32_BIT_CONVERSION = YES;
				GCC_WARN_ABOUT_RETURN_TYPE = YES_ERROR;
				GCC_WARN_UNDECLARED_SELECTOR = YES;
				GCC_WARN_UNINITIALIZED_AUTOS = YES_AGGRESSIVE;
				GCC_WARN_UNUSED_FUNCTION = YES;
				GCC_WARN_UNUSED_VARIABLE = YES;
				MACOSX_DEPLOYMENT_TARGET = 10.6;
				ONLY_ACTIVE_ARCH = NO;
				SDKROOT = macosx;
			};
			name = Debug;
		};
		B52496111963DF1F00E9D123 /* Release */ = {
			isa = XCBuildConfiguration;
			buildSettings = {
				ALWAYS_SEARCH_USER_PATHS = NO;
				CLANG_CXX_LANGUAGE_STANDARD = "gnu++0x";
				CLANG_CXX_LIBRARY = "libc++";
				CLANG_ENABLE_MODULES = YES;
				CLANG_ENABLE_OBJC_ARC = YES;
				CLANG_WARN_BOOL_CONVERSION = YES;
				CLANG_WARN_CONSTANT_CONVERSION = YES;
				CLANG_WARN_DIRECT_OBJC_ISA_USAGE = YES_ERROR;
				CLANG_WARN_EMPTY_BODY = YES;
				CLANG_WARN_ENUM_CONVERSION = YES;
				CLANG_WARN_INT_CONVERSION = YES;
				CLANG_WARN_OBJC_ROOT_CLASS = YES_ERROR;
				CLANG_WARN_UNREACHABLE_CODE = YES;
				CLANG_WARN__DUPLICATE_METHOD_MATCH = YES;
				COPY_PHASE_STRIP = YES;
				ENABLE_NS_ASSERTIONS = NO;
				ENABLE_STRICT_OBJC_MSGSEND = YES;
				GCC_C_LANGUAGE_STANDARD = gnu99;
				GCC_WARN_64_TO_32_BIT_CONVERSION = YES;
				GCC_WARN_ABOUT_RETURN_TYPE = YES_ERROR;
				GCC_WARN_UNDECLARED_SELECTOR = YES;
				GCC_WARN_UNINITIALIZED_AUTOS = YES_AGGRESSIVE;
				GCC_WARN_UNUSED_FUNCTION = YES;
				GCC_WARN_UNUSED_VARIABLE = YES;
				MACOSX_DEPLOYMENT_TARGET = 10.6;
				SDKROOT = macosx;
			};
			name = Release;
		};
		B52496131963DF1F00E9D123 /* Debug */ = {
			isa = XCBuildConfiguration;
			buildSettings = {
				CLANG_ENABLE_MODULES = YES;
				COMBINE_HIDPI_IMAGES = YES;
				DEFINES_MODULE = YES;
				FRAMEWORK_SEARCH_PATHS = "$(SYSTEM_APPS_DIR)/Glyphs.app/Contents/Frameworks";
				INFOPLIST_FILE = ShowOtherMasters/Info.plist;
				INSTALL_GROUP = staff;
				INSTALL_PATH = "$(LOCAL_LIBRARY_DIR)/Bundles";
				LD_RUNPATH_SEARCH_PATHS = "$(inherited) @executable_path/../Frameworks @loader_path/../Frameworks";
				PRODUCT_NAME = "$(TARGET_NAME)";
				WRAPPER_EXTENSION = glyphsReporter;
			};
			name = Debug;
		};
		B52496141963DF1F00E9D123 /* Release */ = {
			isa = XCBuildConfiguration;
			buildSettings = {
				CLANG_ENABLE_MODULES = YES;
				COMBINE_HIDPI_IMAGES = YES;
				DEFINES_MODULE = YES;
				FRAMEWORK_SEARCH_PATHS = "$(SYSTEM_APPS_DIR)/Glyphs.app/Contents/Frameworks";
				INFOPLIST_FILE = ShowOtherMasters/Info.plist;
				INSTALL_GROUP = staff;
				INSTALL_PATH = "$(LOCAL_LIBRARY_DIR)/Bundles";
				LD_RUNPATH_SEARCH_PATHS = "$(inherited) @executable_path/../Frameworks @loader_path/../Frameworks";
				PRODUCT_NAME = "$(TARGET_NAME)";
				WRAPPER_EXTENSION = glyphsReporter;
			};
			name = Release;
		};
/* End XCBuildConfiguration section */

/* Begin XCConfigurationList section */
		B52495FA1963DF1F00E9D123 /* Build configuration list for PBXProject "ShowOtherMasters" */ = {
			isa = XCConfigurationList;
			buildConfigurations = (
				B52496101963DF1F00E9D123 /* Debug */,
				B52496111963DF1F00E9D123 /* Release */,
			);
			defaultConfigurationIsVisible = 0;
			defaultConfigurationName = Release;
		};
		B52496121963DF1F00E9D123 /* Build configuration list for PBXNativeTarget "ShowOtherMasters" */ = {
			isa = XCConfigurationList;
			buildConfigurations = (
				B52496131963DF1F00E9D123 /* Debug */,
				B52496141963DF1F00E9D123 /* Release */,
			);
			defaultConfigurationIsVisible = 0;
			defaultConfigurationName = Release;
		};
/* End XCConfigurationList section */
	};
	rootObject = B52495F71963DF1F00E9D123 /* Project object */;
}
